installer_version=0.2.6
dots_commit=2e5598c627734cc87089d5ea570e80db558a04f7
dots_sha256=040f8005bea41e150809ec7284c5397918557b6ce1b77a4ad698bc4128a60e92

aw_integration_version=1.1.3
aw_shell_commit=20f95a6a331d8b479630a493ae07954e887a821a
aw_cli_commit=cac4c534d57774e51b46412ca362437c038350ff
m3shapes_commit=bdc327b29f95394a732baf3c9b19658ba23755b6

tested_caelestia_shell=2.2.0-1
tested_caelestia_cli=1.1.2-2
tested_quickshell_git=0.3.0.r3.g7d1c9a9-1
tested_materialyoucolor=3.0.2-1
tested_libcava=1.0.0-1
tested_rubik=2.3.0-3
quickshell_commit=7d1c9a9c6721606b129829134d6f614f015621e2
shell_package_release=3
aw_cli_package_release=2
shell_security_patch_sha256=12f664bb462fa29972a70c7db7e49e0f1d9249f23a6c3a9dd55a92eb54f15589
cli_pinned_patch_sha256=de5f5082d76a1d4d9a71466fba743231125e95428f5546a3a731f4138ea11e41
